
Microsoft Visual Studio Solution File, Format Version 12.00
# Visual Studio Version 17
VisualStudioVersion = 17.9.34701.34
MinimumVisualStudioVersion = 10.0.40219.1
Project("{9A19103F-16F7-4668-BE54-9A1E7A4F7556}") = "gRPC.Web.Gateway", "gRPC.Web.Gateway.csproj", "{92152212-66EE-4928-9F19-AA017ED13BB1}"
EndProject
Global
	GlobalSection(SolutionConfigurationPlatforms) = preSolution
		Debug|Any CPU = Debug|Any CPU
		Release|Any CPU = Release|Any CPU
	EndGlobalSection
	GlobalSection(ProjectConfigurationPlatforms) = postSolution
		{92152212-66EE-4928-9F19-AA017ED13BB1}.Debug|Any CPU.ActiveCfg = Debug|Any CPU
		{92152212-66EE-4928-9F19-AA017ED13BB1}.Debug|Any CPU.Build.0 = Debug|Any CPU
		{92152212-66EE-4928-9F19-AA017ED13BB1}.Release|Any CPU.ActiveCfg = Release|Any CPU
		{92152212-66EE-4928-9F19-AA017ED13BB1}.Release|Any CPU.Build.0 = Release|Any CPU
	EndGlobalSection
	GlobalSection(SolutionProperties) = preSolution
		HideSolutionNode = FALSE
	EndGlobalSection
	GlobalSection(ExtensibilityGlobals) = postSolution
		SolutionGuid = {0B59BED4-DA49-4559-ACAA-32435916D229}
	EndGlobalSection
EndGlobal
